
Microsoft Visual Studio Solution File, Format Version 12.00
# Visual Studio Version 16
VisualStudioVersion = 16.0.31205.134
MinimumVisualStudioVersion = 10.0.40219.1
Project("{9A19103F-16F7-4668-BE54-9A1E7A4F7556}") = "SSD-Alkolq", "SSD-Alkolq\SSD-Alkolq.csproj", "{54C60988-2901-43DC-9D11-768FB86B6665}"
EndProject
Global
	GlobalSection(SolutionConfigurationPlatforms) = preSolution
		Debug|Any CPU = Debug|Any CPU
		Release|Any CPU = Release|Any CPU
	EndGlobalSection
	GlobalSection(ProjectConfigurationPlatforms) = postSolution
		{54C60988-2901-43DC-9D11-768FB86B6665}.Debug|Any CPU.ActiveCfg = Debug|Any CPU
		{54C60988-2901-43DC-9D11-768FB86B6665}.Debug|Any CPU.Build.0 = Debug|Any CPU
		{54C60988-2901-43DC-9D11-768FB86B6665}.Release|Any CPU.ActiveCfg = Release|Any CPU
		{54C60988-2901-43DC-9D11-768FB86B6665}.Release|Any CPU.Build.0 = Release|Any CPU
	EndGlobalSection
	GlobalSection(SolutionProperties) = preSolution
		HideSolutionNode = FALSE
	EndGlobalSection
	GlobalSection(ExtensibilityGlobals) = postSolution
		SolutionGuid = {37D12EC0-1F67-417E-B694-68FBE542FC11}
	EndGlobalSection
EndGlobal
